{
    "name": "backend",
    "version": "1.0.0",
    "lockfileVersion": 1,
    "requires": true,
    "dependencies": {
        "@hapi/accept": {
            "version": "5.0.1",
            "resolved": "https://registry.npmjs.org/@hapi/accept/-/accept-5.0.1.tgz",
            "integrity": "sha512-fMr4d7zLzsAXo28PRRQPXR1o2Wmu+6z+VY1UzDp0iFo13Twj8WePakwXBiqn3E1aAlTpSNzCXdnnQXFhst8h8Q==",
            "requires": {
                "@hapi/boom": "9.x.x",
                "@hapi/hoek": "9.x.x"
            }
        },
        "@hapi/ammo": {
            "version": "5.0.1",
            "resolved": "https://registry.npmjs.org/@hapi/ammo/-/ammo-5.0.1.tgz",
            "integrity": "sha512-FbCNwcTbnQP4VYYhLNGZmA76xb2aHg9AMPiy18NZyWMG310P5KdFGyA9v2rm5ujrIny77dEEIkMOwl0Xv+fSSA==",
            "requires": {
                "@hapi/hoek": "9.x.x"
            }
        },
        "@hapi/b64": {
            "version": "5.0.0",
            "resolved": "https://registry.npmjs.org/@hapi/b64/-/b64-5.0.0.tgz",
            "integrity": "sha512-ngu0tSEmrezoiIaNGG6rRvKOUkUuDdf4XTPnONHGYfSGRmDqPZX5oJL6HAdKTo1UQHECbdB4OzhWrfgVppjHUw==",
            "requires": {
                "@hapi/hoek": "9.x.x"
            }
        },
        "@hapi/boom": {
            "version": "9.1.0",
            "resolved": "https://registry.npmjs.org/@hapi/boom/-/boom-9.1.0.tgz",
            "integrity": "sha512-4nZmpp4tXbm162LaZT45P7F7sgiem8dwAh2vHWT6XX24dozNjGMg6BvKCRvtCUcmcXqeMIUqWN8Rc5X8yKuROQ==",
            "requires": {
                "@hapi/hoek": "9.x.x"
            }
        },
        "@hapi/bounce": {
            "version": "2.0.0",
            "resolved": "https://registry.npmjs.org/@hapi/bounce/-/bounce-2.0.0.tgz",
            "integrity": "sha512-JesW92uyzOOyuzJKjoLHM1ThiOvHPOLDHw01YV8yh5nCso7sDwJho1h0Ad2N+E62bZyz46TG3xhAi/78Gsct6A==",
            "requires": {
                "@hapi/boom": "9.x.x",
                "@hapi/hoek": "9.x.x"
            }
        },
        "@hapi/bourne": {
            "version": "2.0.0",
            "resolved": "https://registry.npmjs.org/@hapi/bourne/-/bourne-2.0.0.tgz",
            "integrity": "sha512-WEezM1FWztfbzqIUbsDzFRVMxSoLy3HugVcux6KDDtTqzPsLE8NDRHfXvev66aH1i2oOKKar3/XDjbvh/OUBdg=="
        },
        "@hapi/call": {
            "version": "8.0.1",
            "resolved": "https://registry.npmjs.org/@hapi/call/-/call-8.0.1.tgz",
            "integrity": "sha512-bOff6GTdOnoe5b8oXRV3lwkQSb/LAWylvDMae6RgEWWntd0SHtkYbQukDHKlfaYtVnSAgIavJ0kqszF/AIBb6g==",
            "requires": {
                "@hapi/boom": "9.x.x",
                "@hapi/hoek": "9.x.x"
            }
        },
        "@hapi/catbox": {
            "version": "11.1.1",
            "resolved": "https://registry.npmjs.org/@hapi/catbox/-/catbox-11.1.1.tgz",
            "integrity": "sha512-u/8HvB7dD/6X8hsZIpskSDo4yMKpHxFd7NluoylhGrL6cUfYxdQPnvUp9YU2C6F9hsyBVLGulBd9vBN1ebfXOQ==",
            "requires": {
                "@hapi/boom": "9.x.x",
                "@hapi/hoek": "9.x.x",
                "@hapi/podium": "4.x.x",
                "@hapi/validate": "1.x.x"
            }
        },
        "@hapi/catbox-memory": {
            "version": "5.0.0",
            "resolved": "https://registry.npmjs.org/@hapi/catbox-memory/-/catbox-memory-5.0.0.tgz",
            "integrity": "sha512-ByuxVJPHNaXwLzbBv4GdTr6ccpe1nG+AfYt+8ftDWEJY7EWBWzD+Klhy5oPTDGzU26pNUh1e7fcYI1ILZRxAXQ==",
            "requires": {
                "@hapi/boom": "9.x.x",
                "@hapi/hoek": "9.x.x"
            }
        },
        "@hapi/content": {
            "version": "5.0.2",
            "resolved": "https://registry.npmjs.org/@hapi/content/-/content-5.0.2.tgz",
            "integrity": "sha512-mre4dl1ygd4ZyOH3tiYBrOUBzV7Pu/EOs8VLGf58vtOEECWed8Uuw6B4iR9AN/8uQt42tB04qpVaMyoMQh0oMw==",
            "requires": {
                "@hapi/boom": "9.x.x"
            }
        },
        "@hapi/cryptiles": {
            "version": "5.1.0",
            "resolved": "https://registry.npmjs.org/@hapi/cryptiles/-/cryptiles-5.1.0.tgz",
            "integrity": "sha512-fo9+d1Ba5/FIoMySfMqPBR/7Pa29J2RsiPrl7bkwo5W5o+AN1dAYQRi4SPrPwwVxVGKjgLOEWrsvt1BonJSfLA==",
            "requires": {
                "@hapi/boom": "9.x.x"
            }
        },
        "@hapi/file": {
            "version": "2.0.0",
            "resolved": "https://registry.npmjs.org/@hapi/file/-/file-2.0.0.tgz",
            "integrity": "sha512-WSrlgpvEqgPWkI18kkGELEZfXr0bYLtr16iIN4Krh9sRnzBZN6nnWxHFxtsnP684wueEySBbXPDg/WfA9xJdBQ=="
        },
        "@hapi/hapi": {
            "version": "20.0.0",
            "resolved": "https://registry.npmjs.org/@hapi/hapi/-/hapi-20.0.0.tgz",
            "integrity": "sha512-Wh0tIDFsl7nemU2JQYW4zZVr9XkpuZ1eM3yaX8tzaYdaYXon8QeB5NzrTNQY3R1/+fO7amQUrOoLLNPRwIZfgw==",
            "requires": {
                "@hapi/accept": "^5.0.1",
                "@hapi/ammo": "^5.0.1",
                "@hapi/boom": "9.x.x",
                "@hapi/bounce": "2.x.x",
                "@hapi/call": "8.x.x",
                "@hapi/catbox": "^11.1.1",
                "@hapi/catbox-memory": "5.x.x",
                "@hapi/heavy": "^7.0.1",
                "@hapi/hoek": "9.x.x",
                "@hapi/mimos": "5.x.x",
                "@hapi/podium": "^4.1.1",
                "@hapi/shot": "^5.0.1",
                "@hapi/somever": "3.x.x",
                "@hapi/statehood": "^7.0.3",
                "@hapi/subtext": "^7.0.3",
                "@hapi/teamwork": "5.x.x",
                "@hapi/topo": "5.x.x",
                "@hapi/validate": "^1.1.0"
            }
        },
        "@hapi/heavy": {
            "version": "7.0.1",
            "resolved": "https://registry.npmjs.org/@hapi/heavy/-/heavy-7.0.1.tgz",
            "integrity": "sha512-vJ/vzRQ13MtRzz6Qd4zRHWS3FaUc/5uivV2TIuExGTM9Qk+7Zzqj0e2G7EpE6KztO9SalTbiIkTh7qFKj/33cA==",
            "requires": {
                "@hapi/boom": "9.x.x",
                "@hapi/hoek": "9.x.x",
                "@hapi/validate": "1.x.x"
            }
        },
        "@hapi/hoek": {
            "version": "9.1.0",
            "resolved": "https://registry.npmjs.org/@hapi/hoek/-/hoek-9.1.0.tgz",
            "integrity": "sha512-i9YbZPN3QgfighY/1X1Pu118VUz2Fmmhd6b2n0/O8YVgGGfw0FbUYoA97k7FkpGJ+pLCFEDLUmAPPV4D1kpeFw=="
        },
        "@hapi/iron": {
            "version": "6.0.0",
            "resolved": "https://registry.npmjs.org/@hapi/iron/-/iron-6.0.0.tgz",
            "integrity": "sha512-zvGvWDufiTGpTJPG1Y/McN8UqWBu0k/xs/7l++HVU535NLHXsHhy54cfEMdW7EjwKfbBfM9Xy25FmTiobb7Hvw==",
            "requires": {
                "@hapi/b64": "5.x.x",
                "@hapi/boom": "9.x.x",
                "@hapi/bourne": "2.x.x",
                "@hapi/cryptiles": "5.x.x",
                "@hapi/hoek": "9.x.x"
            }
        },
        "@hapi/mimos": {
            "version": "5.0.0",
            "resolved": "https://registry.npmjs.org/@hapi/mimos/-/mimos-5.0.0.tgz",
            "integrity": "sha512-EVS6wJYeE73InTlPWt+2e3Izn319iIvffDreci3qDNT+t3lA5ylJ0/SoTaID8e0TPNUkHUSsgJZXEmLHvoYzrA==",
            "requires": {
                "@hapi/hoek": "9.x.x",
                "mime-db": "1.x.x"
            }
        },
        "@hapi/nigel": {
            "version": "4.0.2",
            "resolved": "https://registry.npmjs.org/@hapi/nigel/-/nigel-4.0.2.tgz",
            "integrity": "sha512-ht2KoEsDW22BxQOEkLEJaqfpoKPXxi7tvabXy7B/77eFtOyG5ZEstfZwxHQcqAiZhp58Ae5vkhEqI03kawkYNw==",
            "requires": {
                "@hapi/hoek": "^9.0.4",
                "@hapi/vise": "^4.0.0"
            }
        },
        "@hapi/pez": {
            "version": "5.0.3",
            "resolved": "https://registry.npmjs.org/@hapi/pez/-/pez-5.0.3.tgz",
            "integrity": "sha512-mpikYRJjtrbJgdDHG/H9ySqYqwJ+QU/D7FXsYciS9P7NYBXE2ayKDAy3H0ou6CohOCaxPuTV4SZ0D936+VomHA==",
            "requires": {
                "@hapi/b64": "5.x.x",
                "@hapi/boom": "9.x.x",
                "@hapi/content": "^5.0.2",
                "@hapi/hoek": "9.x.x",
                "@hapi/nigel": "4.x.x"
            }
        },
        "@hapi/podium": {
            "version": "4.1.1",
            "resolved": "https://registry.npmjs.org/@hapi/podium/-/podium-4.1.1.tgz",
            "integrity": "sha512-jh7a6+5Z4FUWzx8fgmxjaAa1DTBu+Qfg+NbVdo0f++rE5DgsVidUYrLDp3db65+QjDLleA2MfKQXkpT8ylBDXA==",
            "requires": {
                "@hapi/hoek": "9.x.x",
                "@hapi/teamwork": "5.x.x",
                "@hapi/validate": "1.x.x"
            }
        },
        "@hapi/shot": {
            "version": "5.0.3",
            "resolved": "https://registry.npmjs.org/@hapi/shot/-/shot-5.0.3.tgz",
            "integrity": "sha512-qbccs8KL4YSL9x0J/17Z6Udmtrrn32ieGbrCW8iivl2ha8YzlDy9Wvv1pFKh3mzbTsomWHGLF3UsKcQFk/BqPg==",
            "requires": {
                "@hapi/hoek": "9.x.x",
                "@hapi/validate": "1.x.x"
            }
        },
        "@hapi/somever": {
            "version": "3.0.0",
            "resolved": "https://registry.npmjs.org/@hapi/somever/-/somever-3.0.0.tgz",
            "integrity": "sha512-Upw/kmKotC9iEmK4y047HMYe4LDKsE5NWfjgX41XNKmFvxsQL7OiaCWVhuyyhU0ShDGBfIAnCH8jZr49z/JzZA==",
            "requires": {
                "@hapi/bounce": "2.x.x",
                "@hapi/hoek": "9.x.x"
            }
        },
        "@hapi/statehood": {
            "version": "7.0.3",
            "resolved": "https://registry.npmjs.org/@hapi/statehood/-/statehood-7.0.3.tgz",
            "integrity": "sha512-pYB+pyCHkf2Amh67QAXz7e/DN9jcMplIL7Z6N8h0K+ZTy0b404JKPEYkbWHSnDtxLjJB/OtgElxocr2fMH4G7w==",
            "requires": {
                "@hapi/boom": "9.x.x",
                "@hapi/bounce": "2.x.x",
                "@hapi/bourne": "2.x.x",
                "@hapi/cryptiles": "5.x.x",
                "@hapi/hoek": "9.x.x",
                "@hapi/iron": "6.x.x",
                "@hapi/validate": "1.x.x"
            }
        },
        "@hapi/subtext": {
            "version": "7.0.3",
            "resolved": "https://registry.npmjs.org/@hapi/subtext/-/subtext-7.0.3.tgz",
            "integrity": "sha512-CekDizZkDGERJ01C0+TzHlKtqdXZxzSWTOaH6THBrbOHnsr3GY+yiMZC+AfNCypfE17RaIakGIAbpL2Tk1z2+A==",
            "requires": {
                "@hapi/boom": "9.x.x",
                "@hapi/bourne": "2.x.x",
                "@hapi/content": "^5.0.2",
                "@hapi/file": "2.x.x",
                "@hapi/hoek": "9.x.x",
                "@hapi/pez": "^5.0.1",
                "@hapi/wreck": "17.x.x"
            }
        },
        "@hapi/teamwork": {
            "version": "5.1.0",
            "resolved": "https://registry.npmjs.org/@hapi/teamwork/-/teamwork-5.1.0.tgz",
            "integrity": "sha512-llqoQTrAJDTXxG3c4Kz/uzhBS1TsmSBa/XG5SPcVXgmffHE1nFtyLIK0hNJHCB3EuBKT84adzd1hZNY9GJLWtg=="
        },
        "@hapi/topo": {
            "version": "5.0.0",
            "resolved": "https://registry.npmjs.org/@hapi/topo/-/topo-5.0.0.tgz",
            "integrity": "sha512-tFJlT47db0kMqVm3H4nQYgn6Pwg10GTZHb1pwmSiv1K4ks6drQOtfEF5ZnPjkvC+y4/bUPHK+bc87QvLcL+WMw==",
            "requires": {
                "@hapi/hoek": "^9.0.0"
            }
        },
        "@hapi/validate": {
            "version": "1.1.2",
            "resolved": "https://registry.npmjs.org/@hapi/validate/-/validate-1.1.2.tgz",
            "integrity": "sha512-ojg3iE/haKh8aCZFObkOzuJ1vQ8NP+EiuibliJKe01IMstBPXQc4Xl08+8zqAL+iZSZKp1TaWdwaNSzq8HIMKA==",
            "requires": {
                "@hapi/hoek": "^9.0.0",
                "@hapi/topo": "^5.0.0"
            }
        },
        "@hapi/vise": {
            "version": "4.0.0",
            "resolved": "https://registry.npmjs.org/@hapi/vise/-/vise-4.0.0.tgz",
            "integrity": "sha512-eYyLkuUiFZTer59h+SGy7hUm+qE9p+UemePTHLlIWppEd+wExn3Df5jO04bFQTm7nleF5V8CtuYQYb+VFpZ6Sg==",
            "requires": {
                "@hapi/hoek": "9.x.x"
            }
        },
        "@hapi/wreck": {
            "version": "17.0.0",
            "resolved": "https://registry.npmjs.org/@hapi/wreck/-/wreck-17.0.0.tgz",
            "integrity": "sha512-d8lqCinbKyDByn7GzJDRDbitddhIEydNm44UcAMejfhEH3o4IYvKYq6K8cAqXbilXPuvZc0ErlUOg9SDdgRtMw==",
            "requires": {
                "@hapi/boom": "9.x.x",
                "@hapi/bourne": "2.x.x",
                "@hapi/hoek": "9.x.x"
            }
        },
        "ammo": {
            "version": "3.0.0",
            "resolved": "https://registry.npmjs.org/ammo/-/ammo-3.0.0.tgz",
            "integrity": "sha512-6yoz9MXYV9sgCHrwprHWPxBaJ9/roQRfXzS//4JCNgKfPYcghFNwJQKBt6vWOoSGGRHsP6qsLJ+xtKStKJWdLQ==",
            "requires": {
                "boom": "6.x.x",
                "hoek": "5.x.x"
            },
            "dependencies": {
                "boom": {
                    "version": "6.0.0",
                    "resolved": "https://registry.npmjs.org/boom/-/boom-6.0.0.tgz",
                    "integrity": "sha512-LYLa8BmiiOWjvxTMVh73lcZzd2E5yczrKvxAny1UuzO2tkarLrw4tdp3rdfmus3+YfKcZP0vRSM3Obh+fGK6eA==",
                    "requires": {
                        "hoek": "5.x.x"
                    }
                },
                "hoek": {
                    "version": "5.0.3",
                    "resolved": "https://registry.npmjs.org/hoek/-/hoek-5.0.3.tgz",
                    "integrity": "sha512-Bmr56pxML1c9kU+NS51SMFkiVQAb+9uFfXwyqR2tn4w2FPvmPt65eZ9aCcEfRXd9G74HkZnILC6p967pED4aiw=="
                }
            }
        },
        "argparse": {
            "version": "1.0.10",
            "resolved": "https://registry.npmjs.org/argparse/-/argparse-1.0.10.tgz",
            "integrity": "sha512-o5Roy6tNG4SL/FOkCAN6RzjiakZS25RLYFrcMttJqbdd8BWrnA+fGz57iN5Pb06pvBGvl5gQ0B48dJlslXvoTg==",
            "requires": {
                "sprintf-js": "~1.0.2"
            }
        },
        "assert": {
            "version": "1.4.1",
            "resolved": "https://registry.npmjs.org/assert/-/assert-1.4.1.tgz",
            "integrity": "sha1-mZEtWRg2tab1s0XA8H7vwI/GXZE=",
            "requires": {
                "util": "0.10.3"
            }
        },
        "boom": {
            "version": "7.2.0",
            "resolved": "https://registry.npmjs.org/boom/-/boom-7.2.0.tgz",
            "integrity": "sha1-K/8kpVVldn/ehp7ICDF+sQxI6WY=",
            "requires": {
                "hoek": "5.x.x"
            },
            "dependencies": {
                "hoek": {
                    "version": "5.0.3",
                    "resolved": "https://registry.npmjs.org/hoek/-/hoek-5.0.3.tgz",
                    "integrity": "sha512-Bmr56pxML1c9kU+NS51SMFkiVQAb+9uFfXwyqR2tn4w2FPvmPt65eZ9aCcEfRXd9G74HkZnILC6p967pED4aiw=="
                }
            }
        },
        "bounce": {
            "version": "1.2.0",
            "resolved": "https://registry.npmjs.org/bounce/-/bounce-1.2.0.tgz",
            "integrity": "sha512-8syCGe8B2/WC53118/F/tFy5aW00j+eaGPXmAUP7iBhxc+EBZZxS1vKelWyBCH6IqojgS2t1gF0glH30qAJKEw==",
            "requires": {
                "boom": "7.x.x",
                "hoek": "5.x.x"
            },
            "dependencies": {
                "hoek": {
                    "version": "5.0.3",
                    "resolved": "https://registry.npmjs.org/hoek/-/hoek-5.0.3.tgz",
                    "integrity": "sha512-Bmr56pxML1c9kU+NS51SMFkiVQAb+9uFfXwyqR2tn4w2FPvmPt65eZ9aCcEfRXd9G74HkZnILC6p967pED4aiw=="
                }
            }
        },
        "bson": {
            "version": "1.0.4",
            "resolved": "https://registry.npmjs.org/bson/-/bson-1.0.4.tgz",
            "integrity": "sha1-k8ENOeqltYQVy8QFLz5T5WKwtyw="
        },
        "call-me-maybe": {
            "version": "1.0.1",
            "resolved": "https://registry.npmjs.org/call-me-maybe/-/call-me-maybe-1.0.1.tgz",
            "integrity": "sha1-JtII6onje1y95gJQoV8DHBak1ms="
        },
        "commander": {
            "version": "2.14.1",
            "resolved": "https://registry.npmjs.org/commander/-/commander-2.14.1.tgz",
            "integrity": "sha512-+YR16o3rK53SmWHU3rEM3tPAh2rwb1yPcQX5irVn7mb0gXbwuCCrnkbV5+PBfETdfg1vui07nM6PCG1zndcjQw==",
            "optional": true
        },
        "core-util-is": {
            "version": "1.0.2",
            "resolved": "https://registry.npmjs.org/core-util-is/-/core-util-is-1.0.2.tgz",
            "integrity": "sha1-tf1UIgqivFq1eqtxQMlAdUUDwac="
        },
        "debug": {
            "version": "3.1.0",
            "resolved": "https://registry.npmjs.org/debug/-/debug-3.1.0.tgz",
            "integrity": "sha512-OX8XqP7/1a9cqkxYw2yXss15f26NKWBpDXQd0/uK/KPqdQhxbPa994hnzjcE2VqQpDslf55723cKPUOGSmMY3g==",
            "requires": {
                "ms": "2.0.0"
            }
        },
        "duplexify": {
            "version": "3.5.3",
            "resolved": "https://registry.npmjs.org/duplexify/-/duplexify-3.5.3.tgz",
            "integrity": "sha512-g8ID9OroF9hKt2POf8YLayy+9594PzmM3scI00/uBXocX3TWNgoB67hjzkFe9ITAbQOne/lLdBxHXvYUM4ZgGA==",
            "requires": {
                "end-of-stream": "^1.0.0",
                "inherits": "^2.0.1",
                "readable-stream": "^2.0.0",
                "stream-shift": "^1.0.0"
            }
        },
        "end-of-stream": {
            "version": "1.4.1",
            "resolved": "https://registry.npmjs.org/end-of-stream/-/end-of-stream-1.4.1.tgz",
            "integrity": "sha512-1MkrZNvWTKCaigbn+W15elq2BB/L22nqrSY5DKlo3X6+vclJm8Bb5djXJBmEX6fS3+zCh/F4VBK5Z2KxJt4s2Q==",
            "requires": {
                "once": "^1.4.0"
            }
        },
        "esprima": {
            "version": "4.0.0",
            "resolved": "https://registry.npmjs.org/esprima/-/esprima-4.0.0.tgz",
            "integrity": "sha512-oftTcaMu/EGrEIu904mWteKIv8vMuOgGYo7EhVJJN00R/EED9DCua/xxHRdYnKtcECzVg7xOWhflvJMnqcFZjw=="
        },
        "fast-safe-stringify": {
            "version": "1.1.13",
            "resolved": "https://registry.npmjs.org/fast-safe-stringify/-/fast-safe-stringify-1.1.13.tgz",
            "integrity": "sha1-oB6c2cnkkXFcmKdaQtXwu9EH/3Y="
        },
        "format-util": {
            "version": "1.0.3",
            "resolved": "https://registry.npmjs.org/format-util/-/format-util-1.0.3.tgz",
            "integrity": "sha1-Ay3KShFiYqEsQ/TD7IVmQWxbLZU="
        },
        "good": {
            "version": "8.1.0",
            "resolved": "https://registry.npmjs.org/good/-/good-8.1.0.tgz",
            "integrity": "sha1-keOZktJPHpaQmhJU9z3/Zol1eEM=",
            "requires": {
                "hoek": "5.x.x",
                "joi": "13.x.x",
                "oppsy": "2.x.x",
                "pumpify": "1.3.x"
            },
            "dependencies": {
                "hoek": {
                    "version": "5.0.3",
                    "resolved": "https://registry.npmjs.org/hoek/-/hoek-5.0.3.tgz",
                    "integrity": "sha512-Bmr56pxML1c9kU+NS51SMFkiVQAb+9uFfXwyqR2tn4w2FPvmPt65eZ9aCcEfRXd9G74HkZnILC6p967pED4aiw=="
                }
            }
        },
        "good-console": {
            "version": "7.1.0",
            "resolved": "https://registry.npmjs.org/good-console/-/good-console-7.1.0.tgz",
            "integrity": "sha1-68+UjXrbiJgUW9x28vfN1kZBtKA=",
            "requires": {
                "hoek": "4.x.x",
                "joi": "12.x.x",
                "json-stringify-safe": "5.0.x",
                "moment": "2.20.x"
            },
            "dependencies": {
                "joi": {
                    "version": "12.0.0",
                    "resolved": "https://registry.npmjs.org/joi/-/joi-12.0.0.tgz",
                    "integrity": "sha512-z0FNlV4NGgjQN1fdtHYXf5kmgludM65fG/JlXzU6+rwkt9U5UWuXVYnXa2FpK0u6+qBuCmrm5byPNuiiddAHvQ==",
                    "requires": {
                        "hoek": "4.x.x",
                        "isemail": "3.x.x",
                        "topo": "2.x.x"
                    }
                }
            }
        },
        "good-squeeze": {
            "version": "5.0.2",
            "resolved": "https://registry.npmjs.org/good-squeeze/-/good-squeeze-5.0.2.tgz",
            "integrity": "sha1-qOWCQrSgsyzb3zF7YOc6Gafwh5s=",
            "requires": {
                "fast-safe-stringify": "1.1.x",
                "hoek": "4.x.x"
            }
        },
        "handlebars": {
            "version": "4.5.3",
            "resolved": "https://registry.npmjs.org/handlebars/-/handlebars-4.5.3.tgz",
            "integrity": "sha512-3yPecJoJHK/4c6aZhSvxOyG4vJKDshV36VHp0iVCDVh7o9w2vwi3NSnL2MMPj3YdduqaBcu7cGbggJQM0br9xA==",
            "requires": {
                "neo-async": "^2.6.0",
                "optimist": "^0.6.1",
                "source-map": "^0.6.1",
                "uglify-js": "^3.1.4"
            }
        },
        "hapi-swagger": {
            "version": "9.1.1",
            "resolved": "https://registry.npmjs.org/hapi-swagger/-/hapi-swagger-9.1.1.tgz",
            "integrity": "sha512-3y8fa6OaDMO3duaPz6+vRc2Otn+CKwkmmc5CXuFOBzSYhYdZ7cqvv6NlUnBxf+V0gaGKgZiXMvdhI5E53v4dag==",
            "requires": {
                "boom": "^7.1.1",
                "fast-safe-stringify": "^1.2.3",
                "handlebars": "^4.0.11",
                "hoek": "^5.0.3",
                "http-status": "^1.0.1",
                "joi": "^13.1.2",
                "json-schema-ref-parser": "^4.1.0",
                "swagger-parser": "^4.0.2"
            },
            "dependencies": {
                "fast-safe-stringify": {
                    "version": "1.2.3",
                    "resolved": "https://registry.npmjs.org/fast-safe-stringify/-/fast-safe-stringify-1.2.3.tgz",
                    "integrity": "sha512-QJYT/i0QYoiZBQ71ivxdyTqkwKkQ0oxACXHYxH2zYHJEgzi2LsbjgvtzTbLi1SZcF190Db2YP7I7eTsU2egOlw=="
                },
                "hoek": {
                    "version": "5.0.3",
                    "resolved": "https://registry.npmjs.org/hoek/-/hoek-5.0.3.tgz",
                    "integrity": "sha512-Bmr56pxML1c9kU+NS51SMFkiVQAb+9uFfXwyqR2tn4w2FPvmPt65eZ9aCcEfRXd9G74HkZnILC6p967pED4aiw=="
                },
                "isemail": {
                    "version": "3.1.1",
                    "resolved": "https://registry.npmjs.org/isemail/-/isemail-3.1.1.tgz",
                    "integrity": "sha512-mVjAjvdPkpwXW61agT2E9AkGoegZO7SdJGCezWwxnETL58f5KwJ4vSVAMBUL5idL6rTlYAIGkX3n4suiviMLNw==",
                    "requires": {
                        "punycode": "2.x.x"
                    }
                },
                "joi": {
                    "version": "13.1.2",
                    "resolved": "https://registry.npmjs.org/joi/-/joi-13.1.2.tgz",
                    "integrity": "sha512-bZZSQYW5lPXenOfENvgCBPb9+H6E6MeNWcMtikI04fKphj5tvFL9TOb+H2apJzbCrRw/jebjTH8z6IHLpBytGg==",
                    "requires": {
                        "hoek": "5.x.x",
                        "isemail": "3.x.x",
                        "topo": "3.x.x"
                    }
                },
                "topo": {
                    "version": "3.0.0",
                    "resolved": "https://registry.npmjs.org/topo/-/topo-3.0.0.tgz",
                    "integrity": "sha512-Tlu1fGlR90iCdIPURqPiufqAlCZYzLjHYVVbcFWDMcX7+tK8hdZWAfsMrD/pBul9jqHHwFjNdf1WaxA9vTRRhw==",
                    "requires": {
                        "hoek": "5.x.x"
                    }
                }
            }
        },
        "hoek": {
            "version": "4.2.1",
            "resolved": "https://registry.npmjs.org/hoek/-/hoek-4.2.1.tgz",
            "integrity": "sha512-QLg82fGkfnJ/4iy1xZ81/9SIJiq1NGFUMGs6ParyjBZr6jW2Ufj/snDqTHixNlHdPNwN2RLVD0Pi3igeK9+JfA=="
        },
        "http-status": {
            "version": "1.0.1",
            "resolved": "https://registry.npmjs.org/http-status/-/http-status-1.0.1.tgz",
            "integrity": "sha1-3EMAGov8UKyH1IWokvdXiWS8lKI="
        },
        "inert": {
            "version": "5.1.0",
            "resolved": "https://registry.npmjs.org/inert/-/inert-5.1.0.tgz",
            "integrity": "sha512-5rJZbezGEkBN4QrP/HEEwsQ0N+7YzqDZrvBZrE7B0CrNY6I4XKI434aL3UNLCmbI4HzPGQs7Ae/4h1tiTMJ6Wg==",
            "requires": {
                "ammo": "3.x.x",
                "boom": "7.x.x",
                "bounce": "1.x.x",
                "hoek": "5.x.x",
                "joi": "13.x.x",
                "lru-cache": "4.1.x"
            },
            "dependencies": {
                "hoek": {
                    "version": "5.0.4",
                    "resolved": "https://registry.npmjs.org/hoek/-/hoek-5.0.4.tgz",
                    "integrity": "sha512-Alr4ZQgoMlnere5FZJsIyfIjORBqZll5POhDsF4q64dPuJR6rNxXdDxtHSQq8OXRurhmx+PWYEE8bXRROY8h0w=="
                }
            }
        },
        "inherits": {
            "version": "2.0.1",
            "resolved": "https://registry.npmjs.org/inherits/-/inherits-2.0.1.tgz",
            "integrity": "sha1-sX0I0ya0Qj5Wjv9xn5GwscvfafE="
        },
        "isarray": {
            "version": "1.0.0",
            "resolved": "https://registry.npmjs.org/isarray/-/isarray-1.0.0.tgz",
            "integrity": "sha1-u5NdSFgsuhaMBoNJV6VKPgcSTxE="
        },
        "isemail": {
            "version": "3.1.1",
            "resolved": "https://registry.npmjs.org/isemail/-/isemail-3.1.1.tgz",
            "integrity": "sha512-mVjAjvdPkpwXW61agT2E9AkGoegZO7SdJGCezWwxnETL58f5KwJ4vSVAMBUL5idL6rTlYAIGkX3n4suiviMLNw==",
            "requires": {
                "punycode": "2.x.x"
            }
        },
        "items": {
            "version": "2.1.1",
            "resolved": "https://registry.npmjs.org/items/-/items-2.1.1.tgz",
            "integrity": "sha1-i9FtnIOxlSneWuoyGsqtp4NkoZg="
        },
        "joi": {
            "version": "13.1.2",
            "resolved": "https://registry.npmjs.org/joi/-/joi-13.1.2.tgz",
            "integrity": "sha512-bZZSQYW5lPXenOfENvgCBPb9+H6E6MeNWcMtikI04fKphj5tvFL9TOb+H2apJzbCrRw/jebjTH8z6IHLpBytGg==",
            "requires": {
                "hoek": "5.x.x",
                "isemail": "3.x.x",
                "topo": "3.x.x"
            },
            "dependencies": {
                "hoek": {
                    "version": "5.0.3",
                    "resolved": "https://registry.npmjs.org/hoek/-/hoek-5.0.3.tgz",
                    "integrity": "sha512-Bmr56pxML1c9kU+NS51SMFkiVQAb+9uFfXwyqR2tn4w2FPvmPt65eZ9aCcEfRXd9G74HkZnILC6p967pED4aiw=="
                },
                "topo": {
                    "version": "3.0.0",
                    "resolved": "https://registry.npmjs.org/topo/-/topo-3.0.0.tgz",
                    "integrity": "sha512-Tlu1fGlR90iCdIPURqPiufqAlCZYzLjHYVVbcFWDMcX7+tK8hdZWAfsMrD/pBul9jqHHwFjNdf1WaxA9vTRRhw==",
                    "requires": {
                        "hoek": "5.x.x"
                    }
                }
            }
        },
        "js-yaml": {
            "version": "3.13.1",
            "resolved": "https://registry.npmjs.org/js-yaml/-/js-yaml-3.13.1.tgz",
            "integrity": "sha512-YfbcO7jXDdyj0DGxYVSlSeQNHbD7XPWvrVWeVUujrQEoZzWJIRrCPoyk6kL6IAjAG2IolMK4T0hNUe0HOUs5Jw==",
            "requires": {
                "argparse": "^1.0.7",
                "esprima": "^4.0.0"
            }
        },
        "json-schema-ref-parser": {
            "version": "4.1.0",
            "resolved": "https://registry.npmjs.org/json-schema-ref-parser/-/json-schema-ref-parser-4.1.0.tgz",
            "integrity": "sha512-xiTwbw9Bl9HLEKjFSUfTJmdMSTBaGvV/qjbEMzM5Db3rEBIMWgz/pFtzxZxeuc+s3gYkInUCMZl/8qc1bRPHkQ==",
            "requires": {
                "call-me-maybe": "^1.0.1",
                "debug": "^3.1.0",
                "js-yaml": "^3.10.0",
                "ono": "^4.0.3"
            }
        },
        "json-stringify-safe": {
            "version": "5.0.1",
            "resolved": "https://registry.npmjs.org/json-stringify-safe/-/json-stringify-safe-5.0.1.tgz",
            "integrity": "sha1-Epai1Y/UXxmg9s4B1lcB4sc1tus="
        },
        "lodash": {
            "version": "4.17.20",
            "resolved": "https://registry.npmjs.org/lodash/-/lodash-4.17.20.tgz",
            "integrity": "sha512-PlhdFcillOINfeV7Ni6oF1TAEayyZBoZ8bcshTHqOYJYlrqzRK5hagpagky5o4HfCzzd1TRkXPMFq6cKk9rGmA=="
        },
        "lodash.get": {
            "version": "4.4.2",
            "resolved": "https://registry.npmjs.org/lodash.get/-/lodash.get-4.4.2.tgz",
            "integrity": "sha1-LRd/ZS+jHpObRDjVNBSZ36OCXpk="
        },
        "lodash.isequal": {
            "version": "4.5.0",
            "resolved": "https://registry.npmjs.org/lodash.isequal/-/lodash.isequal-4.5.0.tgz",
            "integrity": "sha1-QVxEePK8wwEgwizhDtMib30+GOA="
        },
        "lru-cache": {
            "version": "4.1.3",
            "resolved": "https://registry.npmjs.org/lru-cache/-/lru-cache-4.1.3.tgz",
            "integrity": "sha512-fFEhvcgzuIoJVUF8fYr5KR0YqxD238zgObTps31YdADwPPAp82a4M8TrckkWyx7ekNlf9aBcVn81cFwwXngrJA==",
            "requires": {
                "pseudomap": "^1.0.2",
                "yallist": "^2.1.2"
            }
        },
        "mime-db": {
            "version": "1.33.0",
            "resolved": "https://registry.npmjs.org/mime-db/-/mime-db-1.33.0.tgz",
            "integrity": "sha512-BHJ/EKruNIqJf/QahvxwQZXKygOQ256myeN/Ew+THcAa5q+PjyTTMMeNQC4DZw5AwfvelsUrA6B67NKMqXDbzQ=="
        },
        "moment": {
            "version": "2.20.1",
            "resolved": "https://registry.npmjs.org/moment/-/moment-2.20.1.tgz",
            "integrity": "sha512-Yh9y73JRljxW5QxN08Fner68eFLxM5ynNOAw2LbIB1YAGeQzZT8QFSUvkAz609Zf+IHhhaUxqZK8dG3W/+HEvg=="
        },
        "mongodb": {
            "version": "3.0.2",
            "resolved": "https://registry.npmjs.org/mongodb/-/mongodb-3.0.2.tgz",
            "integrity": "sha512-E50FmpSQchZAimn2uPIegoNoH9UQYR1yiGHtQPmmg8/Ekc97w6owHoqaBoz+assnd9V5LxMzmQ/VEWMsQMgZhQ==",
            "requires": {
                "mongodb-core": "3.0.2"
            }
        },
        "mongodb-core": {
            "version": "3.0.2",
            "resolved": "https://registry.npmjs.org/mongodb-core/-/mongodb-core-3.0.2.tgz",
            "integrity": "sha512-p1B0qwFQUw6C1OlFJnrOJp8KaX7MuGoogRbTaupRt0y+pPRkMllHWtE9V6i1CDtTvI3/3sy2sQwqWez7zuXEAA==",
            "requires": {
                "bson": "~1.0.4",
                "require_optional": "^1.0.1"
            }
        },
        "ms": {
            "version": "2.0.0",
            "resolved": "https://registry.npmjs.org/ms/-/ms-2.0.0.tgz",
            "integrity": "sha1-VgiurfwAvmwpAd9fmGF4jeDVl8g="
        },
        "neo-async": {
            "version": "2.6.1",
            "resolved": "https://registry.npmjs.org/neo-async/-/neo-async-2.6.1.tgz",
            "integrity": "sha512-iyam8fBuCUpWeKPGpaNMetEocMt364qkCsfL9JuhjXX6dRnguRVOfk2GZaDpPjcOKiiXCPINZC1GczQ7iTq3Zw=="
        },
        "once": {
            "version": "1.4.0",
            "resolved": "https://registry.npmjs.org/once/-/once-1.4.0.tgz",
            "integrity": "sha1-WDsap3WWHUsROsF9nFC6753Xa9E=",
            "requires": {
                "wrappy": "1"
            }
        },
        "ono": {
            "version": "4.0.3",
            "resolved": "https://registry.npmjs.org/ono/-/ono-4.0.3.tgz",
            "integrity": "sha512-7QIxG4UB00H7CR7fhXC/U7VhB5DK9wsYLwaYBui1JmQoXtLkhIBn3fbuk6FgAP+ctWeBsWVTM+R/bThvUZN+ww==",
            "requires": {
                "format-util": "^1.0.3"
            }
        },
        "oppsy": {
            "version": "2.0.0",
            "resolved": "https://registry.npmjs.org/oppsy/-/oppsy-2.0.0.tgz",
            "integrity": "sha1-OhlFF63CTDxhzcVvNfRTfpOjXjQ=",
            "requires": {
                "hoek": "5.x.x"
            },
            "dependencies": {
                "hoek": {
                    "version": "5.0.3",
                    "resolved": "https://registry.npmjs.org/hoek/-/hoek-5.0.3.tgz",
                    "integrity": "sha512-Bmr56pxML1c9kU+NS51SMFkiVQAb+9uFfXwyqR2tn4w2FPvmPt65eZ9aCcEfRXd9G74HkZnILC6p967pED4aiw=="
                }
            }
        },
        "optimist": {
            "version": "0.6.1",
            "resolved": "https://registry.npmjs.org/optimist/-/optimist-0.6.1.tgz",
            "integrity": "sha1-2j6nRob6IaGaERwybpDrFaAZZoY=",
            "requires": {
                "wordwrap": "~0.0.2"
            },
            "dependencies": {
                "minimist": {
                    "version": "0.2.1",
                    "resolved": "https://registry.npmjs.org/minimist/-/minimist-0.2.1.tgz",
                    "integrity": "sha512-GY8fANSrTMfBVfInqJAY41QkOM+upUTytK1jZ0c8+3HdHrJxBJ3rF5i9moClXTE8uUSnUo8cAsCoxDXvSY4DHg=="
                }
            }
        },
        "process-nextick-args": {
            "version": "2.0.0",
            "resolved": "https://registry.npmjs.org/process-nextick-args/-/process-nextick-args-2.0.0.tgz",
            "integrity": "sha512-MtEC1TqN0EU5nephaJ4rAtThHtC86dNN9qCuEhtshvpVBkAW5ZO7BASN9REnF9eoXGcRub+pFuKEpOHE+HbEMw=="
        },
        "pseudomap": {
            "version": "1.0.2",
            "resolved": "https://registry.npmjs.org/pseudomap/-/pseudomap-1.0.2.tgz",
            "integrity": "sha1-8FKijacOYYkX7wqKw0wa5aaChrM="
        },
        "pump": {
            "version": "2.0.1",
            "resolved": "https://registry.npmjs.org/pump/-/pump-2.0.1.tgz",
            "integrity": "sha512-ruPMNRkN3MHP1cWJc9OWr+T/xDP0jhXYCLfJcBuX54hhfIBnaQmAUMfDcG4DM5UMWByBbJY69QSphm3jtDKIkA==",
            "requires": {
                "end-of-stream": "^1.1.0",
                "once": "^1.3.1"
            }
        },
        "pumpify": {
            "version": "1.3.6",
            "resolved": "https://registry.npmjs.org/pumpify/-/pumpify-1.3.6.tgz",
            "integrity": "sha512-BurGAcvezsINL5US9T9wGHHcLNrG6MCp//ECtxron3vcR+Rfx5Anqq7HbZXNJvFQli8FGVsWCAvywEJFV5Hx/Q==",
            "requires": {
                "duplexify": "^3.5.3",
                "inherits": "^2.0.3",
                "pump": "^2.0.0"
            },
            "dependencies": {
                "inherits": {
                    "version": "2.0.3",
                    "resolved": "https://registry.npmjs.org/inherits/-/inherits-2.0.3.tgz",
                    "integrity": "sha1-Yzwsg+PaQqUC9SRmAiSA9CCCYd4="
                }
            }
        },
        "punycode": {
            "version": "2.1.0",
            "resolved": "https://registry.npmjs.org/punycode/-/punycode-2.1.0.tgz",
            "integrity": "sha1-X4Y+3Im5bbCQdLrXlHvwkFbKTn0="
        },
        "readable-stream": {
            "version": "2.3.4",
            "resolved": "https://registry.npmjs.org/readable-stream/-/readable-stream-2.3.4.tgz",
            "integrity": "sha512-vuYxeWYM+fde14+rajzqgeohAI7YoJcHE7kXDAc4Nk0EbuKnJfqtY9YtRkLo/tqkuF7MsBQRhPnPeyjYITp3ZQ==",
            "requires": {
                "core-util-is": "~1.0.0",
                "inherits": "~2.0.3",
                "isarray": "~1.0.0",
                "process-nextick-args": "~2.0.0",
                "safe-buffer": "~5.1.1",
                "string_decoder": "~1.0.3",
                "util-deprecate": "~1.0.1"
            },
            "dependencies": {
                "inherits": {
                    "version": "2.0.3",
                    "resolved": "https://registry.npmjs.org/inherits/-/inherits-2.0.3.tgz",
                    "integrity": "sha1-Yzwsg+PaQqUC9SRmAiSA9CCCYd4="
                }
            }
        },
        "require_optional": {
            "version": "1.0.1",
            "resolved": "https://registry.npmjs.org/require_optional/-/require_optional-1.0.1.tgz",
            "integrity": "sha512-qhM/y57enGWHAe3v/NcwML6a3/vfESLe/sGM2dII+gEO0BpKRUkWZow/tyloNqJyN6kXSl3RyyM8Ll5D/sJP8g==",
            "requires": {
                "resolve-from": "^2.0.0",
                "semver": "^5.1.0"
            }
        },
        "resolve-from": {
            "version": "2.0.0",
            "resolved": "https://registry.npmjs.org/resolve-from/-/resolve-from-2.0.0.tgz",
            "integrity": "sha1-lICrIOlP+h2egKgEx+oUdhGWa1c="
        },
        "safe-buffer": {
            "version": "5.1.1",
            "resolved": "https://registry.npmjs.org/safe-buffer/-/safe-buffer-5.1.1.tgz",
            "integrity": "sha512-kKvNJn6Mm93gAczWVJg7wH+wGYWNrDHdWvpUmHyEsgCtIwwo3bqPtV4tR5tuPaUhTOo/kvhVwd8XwwOllGYkbg=="
        },
        "semver": {
            "version": "5.5.0",
            "resolved": "https://registry.npmjs.org/semver/-/semver-5.5.0.tgz",
            "integrity": "sha512-4SJ3dm0WAwWy/NVeioZh5AntkdJoWKxHxcmyP622fOkgHa4z3R0TdBJICINyaSDE6uNwVc8gZr+ZinwZAH4xIA=="
        },
        "source-map": {
            "version": "0.6.1",
            "resolved": "https://registry.npmjs.org/source-map/-/source-map-0.6.1.tgz",
            "integrity": "sha512-UjgapumWlbMhkBgzT7Ykc5YXUT46F0iKu8SGXq0bcwP5dz/h0Plj6enJqjz1Zbq2l5WaqYnrVbwWOWMyF3F47g=="
        },
        "sprintf-js": {
            "version": "1.0.3",
            "resolved": "https://registry.npmjs.org/sprintf-js/-/sprintf-js-1.0.3.tgz",
            "integrity": "sha1-BOaSb2YolTVPPdAVIDYzuFcpfiw="
        },
        "stream-shift": {
            "version": "1.0.0",
            "resolved": "https://registry.npmjs.org/stream-shift/-/stream-shift-1.0.0.tgz",
            "integrity": "sha1-1cdSgl5TZ+eG944Y5EXqIjoVWVI="
        },
        "string_decoder": {
            "version": "1.0.3",
            "resolved": "https://registry.npmjs.org/string_decoder/-/string_decoder-1.0.3.tgz",
            "integrity": "sha512-4AH6Z5fzNNBcH+6XDMfA/BTt87skxqJlO0lAh3Dker5zThcAxG6mKz+iGu308UKoPPQ8Dcqx/4JhujzltRa+hQ==",
            "requires": {
                "safe-buffer": "~5.1.0"
            }
        },
        "swagger-methods": {
            "version": "1.0.4",
            "resolved": "https://registry.npmjs.org/swagger-methods/-/swagger-methods-1.0.4.tgz",
            "integrity": "sha512-xrKFLbrZ6VxRsg+M3uJozJtsEpNI/aPfZsOkoEjXw8vhAqdMIqwTYGj1f4dmUgvJvCdZhV5iArgtqXgs403ltg=="
        },
        "swagger-parser": {
            "version": "4.0.2",
            "resolved": "https://registry.npmjs.org/swagger-parser/-/swagger-parser-4.0.2.tgz",
            "integrity": "sha512-hKslog8LhsXICJ1sMLsA8b8hQ3oUEX0457aLCFJc4zz6m8drmnCtyjbVqS5HycaKFOKVolJc2wFoe8KDPWfp4g==",
            "requires": {
                "call-me-maybe": "^1.0.1",
                "debug": "^3.1.0",
                "json-schema-ref-parser": "^4.1.0",
                "ono": "^4.0.3",
                "swagger-methods": "^1.0.4",
                "swagger-schema-official": "2.0.0-bab6bed",
                "z-schema": "^3.19.0"
            }
        },
        "swagger-schema-official": {
            "version": "2.0.0-bab6bed",
            "resolved": "https://registry.npmjs.org/swagger-schema-official/-/swagger-schema-official-2.0.0-bab6bed.tgz",
            "integrity": "sha1-cAcEaNbSl3ylI3suUZyn0Gouo/0="
        },
        "topo": {
            "version": "2.0.2",
            "resolved": "https://registry.npmjs.org/topo/-/topo-2.0.2.tgz",
            "integrity": "sha1-zVYVdSU5BXwNwEkaYhw7xvvh0YI=",
            "requires": {
                "hoek": "4.x.x"
            }
        },
        "uglify-js": {
            "version": "3.7.3",
            "resolved": "https://registry.npmjs.org/uglify-js/-/uglify-js-3.7.3.tgz",
            "integrity": "sha512-7tINm46/3puUA4hCkKYo4Xdts+JDaVC9ZPRcG8Xw9R4nhO/gZgUM3TENq8IF4Vatk8qCig4MzP/c8G4u2BkVQg==",
            "optional": true,
            "requires": {
                "commander": "~2.20.3",
                "source-map": "~0.6.1"
            },
            "dependencies": {
                "commander": {
                    "version": "2.20.3",
                    "resolved": "https://registry.npmjs.org/commander/-/commander-2.20.3.tgz",
                    "integrity": "sha512-GpVkmM8vF2vQUkj2LvZmD35JxeJOLCwJ9cUkugyk2nuhbv3+mJvpLYYt+0+USMxE+oj+ey/lJEnhZw75x/OMcQ==",
                    "optional": true
                }
            }
        },
        "util": {
            "version": "0.10.3",
            "resolved": "https://registry.npmjs.org/util/-/util-0.10.3.tgz",
            "integrity": "sha1-evsa/lCAUkZInj23/g7TeTNqwPk=",
            "requires": {
                "inherits": "2.0.1"
            }
        },
        "util-deprecate": {
            "version": "1.0.2",
            "resolved": "https://registry.npmjs.org/util-deprecate/-/util-deprecate-1.0.2.tgz",
            "integrity": "sha1-RQ1Nyfpw3nMnYvvS1KKJgUGaDM8="
        },
        "validator": {
            "version": "9.4.1",
            "resolved": "https://registry.npmjs.org/validator/-/validator-9.4.1.tgz",
            "integrity": "sha512-YV5KjzvRmSyJ1ee/Dm5UED0G+1L4GZnLN3w6/T+zZm8scVua4sOhYKWTUrKa0H/tMiJyO9QLHMPN+9mB/aMunA=="
        },
        "vision": {
            "version": "5.3.1",
            "resolved": "https://registry.npmjs.org/vision/-/vision-5.3.1.tgz",
            "integrity": "sha512-JW6T9EC/1f0DX7Jh5yjbMzLe3tcOotLUDMdGhO1me8aVApPHV/HV1CCDPVjK870kE/eGxBLD7Y4ubuTz2vR3hg==",
            "requires": {
                "boom": "7.x.x",
                "hoek": "5.x.x",
                "items": "2.x.x",
                "joi": "13.x.x"
            },
            "dependencies": {
                "hoek": {
                    "version": "5.0.3",
                    "resolved": "https://registry.npmjs.org/hoek/-/hoek-5.0.3.tgz",
                    "integrity": "sha512-Bmr56pxML1c9kU+NS51SMFkiVQAb+9uFfXwyqR2tn4w2FPvmPt65eZ9aCcEfRXd9G74HkZnILC6p967pED4aiw=="
                },
                "isemail": {
                    "version": "3.1.1",
                    "resolved": "https://registry.npmjs.org/isemail/-/isemail-3.1.1.tgz",
                    "integrity": "sha512-mVjAjvdPkpwXW61agT2E9AkGoegZO7SdJGCezWwxnETL58f5KwJ4vSVAMBUL5idL6rTlYAIGkX3n4suiviMLNw==",
                    "requires": {
                        "punycode": "2.x.x"
                    }
                },
                "joi": {
                    "version": "13.1.2",
                    "resolved": "https://registry.npmjs.org/joi/-/joi-13.1.2.tgz",
                    "integrity": "sha512-bZZSQYW5lPXenOfENvgCBPb9+H6E6MeNWcMtikI04fKphj5tvFL9TOb+H2apJzbCrRw/jebjTH8z6IHLpBytGg==",
                    "requires": {
                        "hoek": "5.x.x",
                        "isemail": "3.x.x",
                        "topo": "3.x.x"
                    }
                },
                "topo": {
                    "version": "3.0.0",
                    "resolved": "https://registry.npmjs.org/topo/-/topo-3.0.0.tgz",
                    "integrity": "sha512-Tlu1fGlR90iCdIPURqPiufqAlCZYzLjHYVVbcFWDMcX7+tK8hdZWAfsMrD/pBul9jqHHwFjNdf1WaxA9vTRRhw==",
                    "requires": {
                        "hoek": "5.x.x"
                    }
                }
            }
        },
        "wordwrap": {
            "version": "0.0.3",
            "resolved": "https://registry.npmjs.org/wordwrap/-/wordwrap-0.0.3.tgz",
            "integrity": "sha1-o9XabNXAvAAI03I0u68b7WMFkQc="
        },
        "wrappy": {
            "version": "1.0.2",
            "resolved": "https://registry.npmjs.org/wrappy/-/wrappy-1.0.2.tgz",
            "integrity": "sha1-tSQ9jz7BqjXxNkYFvA0QNuMKtp8="
        },
        "yallist": {
            "version": "2.1.2",
            "resolved": "https://registry.npmjs.org/yallist/-/yallist-2.1.2.tgz",
            "integrity": "sha1-HBH5IY8HYImkfdUS+TxmmaaoHVI="
        },
        "yesno": {
            "version": "0.0.1",
            "resolved": "https://registry.npmjs.org/yesno/-/yesno-0.0.1.tgz",
            "integrity": "sha1-/7wE/z1vmdrST3RjE06bkq5BvvY="
        },
        "z-schema": {
            "version": "3.19.1",
            "resolved": "https://registry.npmjs.org/z-schema/-/z-schema-3.19.1.tgz",
            "integrity": "sha512-jPNzqmOu3+AGbb4krDODqo4QBzwUGDVzyfGyy1HtWaUnafltQotatSpxxWd6Mp0iSZOUwHU5sqKYi+U8HsHMkg==",
            "requires": {
                "commander": "^2.7.1",
                "lodash.get": "^4.0.0",
                "lodash.isequal": "^4.0.0",
                "validator": "^9.0.0"
            }
        }
    }
}
